<?xml version="1.0" encoding="utf-8"?>
<Project ToolsVersion="4.0" xmlns="http://schemas.microsoft.com/developer/msbuild/2003">
  <ItemGroup>
    <Filter Include="源文件">
      <UniqueIdentifier>{4FC737F1-C7A5-4376-A066-2A32D752A2FF}</UniqueIdentifier>
      <Extensions>cpp;c;cc;cxx;def;odl;idl;hpj;bat;asm;asmx</Extensions>
    </Filter>
    <Filter Include="头文件">
      <UniqueIdentifier>{93995380-89BD-4b04-88EB-625FBE52EBFB}</UniqueIdentifier>
      <Extensions>h;hh;hpp;hxx;hm;inl;inc;xsd</Extensions>
    </Filter>
    <Filter Include="资源文件">
      <UniqueIdentifier>{67DA6AB6-F800-4c08-8B7A-83BB121AAD01}</UniqueIdentifier>
      <Extensions>rc;ico;cur;bmp;dlg;rc2;rct;bin;rgs;gif;jpg;jpeg;jpe;resx;tiff;tif;png;wav;mfcribbon-ms</Extensions>
    </Filter>
    <Filter Include="源文件\Token">
      <UniqueIdentifier>{66d203f4-3030-4325-b89e-6a834c8c6ac2}</UniqueIdentifier>
    </Filter>
    <Filter Include="头文件\Token">
      <UniqueIdentifier>{129ee20f-df8d-4adf-8c2e-513e7f9d1dba}</UniqueIdentifier>
    </Filter>
    <Filter Include="源文件\Lexer">
      <UniqueIdentifier>{758de7c4-0f1e-4ae7-ad3d-3dcaa175fb38}</UniqueIdentifier>
    </Filter>
    <Filter Include="头文件\Lexer">
      <UniqueIdentifier>{43f3cf57-fa08-4e72-80b1-d91802b19e01}</UniqueIdentifier>
    </Filter>
    <Filter Include="头文件\Inter">
      <UniqueIdentifier>{1377f2fc-c5e0-4722-9613-ecfaabfec7b2}</UniqueIdentifier>
    </Filter>
    <Filter Include="源文件\Inter">
      <UniqueIdentifier>{6a79b1c5-0c39-447d-a595-64efde166222}</UniqueIdentifier>
    </Filter>
    <Filter Include="头文件\Symbols">
      <UniqueIdentifier>{aba2b539-bc4a-4231-84e7-3f16822a5be5}</UniqueIdentifier>
    </Filter>
    <Filter Include="源文件\Symbols">
      <UniqueIdentifier>{c793a449-c4d0-46df-afac-35e745dea67e}</UniqueIdentifier>
    </Filter>
  </ItemGroup>
  <ItemGroup>
    <ClInclude Include="Token\Token.h">
      <Filter>头文件\Token</Filter>
    </ClInclude>
    <ClInclude Include="std.h">
      <Filter>头文件</Filter>
    </ClInclude>
    <ClInclude Include="Token\NumToken.h">
      <Filter>头文件\Token</Filter>
    </ClInclude>
    <ClInclude Include="Token\IntegerToken.h">
      <Filter>头文件\Token</Filter>
    </ClInclude>
    <ClInclude Include="Token\RealToken.h">
      <Filter>头文件\Token</Filter>
    </ClInclude>
    <ClInclude Include="Token\StrToken.h">
      <Filter>头文件\Token</Filter>
    </ClInclude>
    <ClInclude Include="Token\IdToken.h">
      <Filter>头文件\Token</Filter>
    </ClInclude>
    <ClInclude Include="Token\ReservedToken.h">
      <Filter>头文件\Token</Filter>
    </ClInclude>
    <ClInclude Include="Token\OperatorToken.h">
      <Filter>头文件\Token</Filter>
    </ClInclude>
    <ClInclude Include="Token\alltoken.h">
      <Filter>头文件\Token</Filter>
    </ClInclude>
    <ClInclude Include="Lexer\Lexer.h">
      <Filter>头文件\Lexer</Filter>
    </ClInclude>
    <ClInclude Include="Lexer\Reader.h">
      <Filter>头文件\Lexer</Filter>
    </ClInclude>
    <ClInclude Include="Token\SignToken.h">
      <Filter>头文件\Token</Filter>
    </ClInclude>
    <ClInclude Include="Lexer\Matcher.h">
      <Filter>头文件\Lexer</Filter>
    </ClInclude>
    <ClInclude Include="Inter\Node.h">
      <Filter>头文件\Inter</Filter>
    </ClInclude>
    <ClInclude Include="Inter\Expr.h">
      <Filter>头文件\Inter</Filter>
    </ClInclude>
    <ClInclude Include="Symbols\Env.h">
      <Filter>头文件\Symbols</Filter>
    </ClInclude>
    <ClInclude Include="Symbols\Type.h">
      <Filter>头文件\Symbols</Filter>
    </ClInclude>
    <ClInclude Include="Inter\Id.h">
      <Filter>头文件\Inter</Filter>
    </ClInclude>
    <ClInclude Include="Inter\Op.h">
      <Filter>头文件\Inter</Filter>
    </ClInclude>
    <ClInclude Include="Inter\Temp.h">
      <Filter>头文件\Inter</Filter>
    </ClInclude>
    <ClInclude Include="Inter\Arith.h">
      <Filter>头文件\Inter</Filter>
    </ClInclude>
    <ClInclude Include="Inter\Unary.h">
      <Filter>头文件\Inter</Filter>
    </ClInclude>
    <ClInclude Include="Inter\Constant.h">
      <Filter>头文件\Inter</Filter>
    </ClInclude>
    <ClInclude Include="Inter\Logical.h">
      <Filter>头文件\Inter</Filter>
    </ClInclude>
    <ClInclude Include="Inter\Or.h">
      <Filter>头文件\Inter</Filter>
    </ClInclude>
    <ClInclude Include="Inter\And.h">
      <Filter>头文件\Inter</Filter>
    </ClInclude>
    <ClInclude Include="Inter\Not.h">
      <Filter>头文件\Inter</Filter>
    </ClInclude>
    <ClInclude Include="Inter\Rel.h">
      <Filter>头文件\Inter</Filter>
    </ClInclude>
    <ClInclude Include="Inter\Access.h">
      <Filter>头文件\Inter</Filter>
    </ClInclude>
  </ItemGroup>
  <ItemGroup>
    <ClCompile Include="Token\Token.cpp">
      <Filter>源文件\Token</Filter>
    </ClCompile>
    <ClCompile Include="MainTest.cpp">
      <Filter>源文件</Filter>
    </ClCompile>
    <ClCompile Include="Token\NumToken.cpp">
      <Filter>源文件\Token</Filter>
    </ClCompile>
    <ClCompile Include="Token\IntegerToken.cpp">
      <Filter>源文件\Token</Filter>
    </ClCompile>
    <ClCompile Include="Token\RealToken.cpp">
      <Filter>源文件\Token</Filter>
    </ClCompile>
    <ClCompile Include="Token\StrToken.cpp">
      <Filter>源文件\Token</Filter>
    </ClCompile>
    <ClCompile Include="Token\IdToken.cpp">
      <Filter>源文件\Token</Filter>
    </ClCompile>
    <ClCompile Include="Token\ReservedToken.cpp">
      <Filter>源文件\Token</Filter>
    </ClCompile>
    <ClCompile Include="Token\OperatorToken.cpp">
      <Filter>源文件\Token</Filter>
    </ClCompile>
    <ClCompile Include="Lexer\Lexer.cpp">
      <Filter>源文件\Lexer</Filter>
    </ClCompile>
    <ClCompile Include="Lexer\Reader.cpp">
      <Filter>源文件\Lexer</Filter>
    </ClCompile>
    <ClCompile Include="Token\SignToken.cpp">
      <Filter>源文件\Token</Filter>
    </ClCompile>
    <ClCompile Include="Lexer\Matcher.cpp">
      <Filter>源文件\Lexer</Filter>
    </ClCompile>
    <ClCompile Include="Inter\Node.cpp">
      <Filter>源文件\Inter</Filter>
    </ClCompile>
    <ClCompile Include="Inter\Expr.cpp">
      <Filter>源文件\Inter</Filter>
    </ClCompile>
    <ClCompile Include="Symbols\Env.cpp">
      <Filter>源文件\Symbols</Filter>
    </ClCompile>
    <ClCompile Include="Symbols\Type.cpp">
      <Filter>源文件\Symbols</Filter>
    </ClCompile>
    <ClCompile Include="Inter\Id.cpp">
      <Filter>源文件\Inter</Filter>
    </ClCompile>
    <ClCompile Include="Inter\Op.cpp">
      <Filter>源文件\Inter</Filter>
    </ClCompile>
    <ClCompile Include="Inter\Temp.cpp">
      <Filter>源文件\Inter</Filter>
    </ClCompile>
    <ClCompile Include="Inter\Arith.cpp">
      <Filter>源文件\Inter</Filter>
    </ClCompile>
    <ClCompile Include="Inter\Unary.cpp">
      <Filter>源文件\Inter</Filter>
    </ClCompile>
    <ClCompile Include="Inter\Constant.cpp">
      <Filter>源文件\Inter</Filter>
    </ClCompile>
    <ClCompile Include="Inter\Logical.cpp">
      <Filter>源文件\Inter</Filter>
    </ClCompile>
    <ClCompile Include="Inter\Or.cpp">
      <Filter>源文件\Inter</Filter>
    </ClCompile>
    <ClCompile Include="Inter\And.cpp">
      <Filter>源文件\Inter</Filter>
    </ClCompile>
    <ClCompile Include="Inter\Not.cpp">
      <Filter>源文件\Inter</Filter>
    </ClCompile>
    <ClCompile Include="Inter\Rel.cpp">
      <Filter>源文件\Inter</Filter>
    </ClCompile>
    <ClCompile Include="Inter\Access.cpp">
      <Filter>源文件\Inter</Filter>
    </ClCompile>
  </ItemGroup>
  <ItemGroup>
    <None Include="ClassDiagram.cd" />
    <None Include="ClassDiagram1.cd" />
  </ItemGroup>
</Project>